
Microsoft Visual Studio Solution File, Format Version 12.00
# Visual Studio Version 16
VisualStudioVersion = 16.0.30002.166
MinimumVisualStudioVersion = 10.0.40219.1
Project("{FAE04EC0-301F-11D3-BF4B-00C04F79EFBC}") = "phoenixtranslate", "phoenixtranslate\phoenixtranslate.csproj", "{11D4BC81-0018-411F-9748-5B3875009C92}"
EndProject
Global
	GlobalSection(SolutionConfigurationPlatforms) = preSolution
		Debug|Any CPU = Debug|Any CPU
		Release|Any CPU = Release|Any CPU
	EndGlobalSection
	GlobalSection(ProjectConfigurationPlatforms) = postSolution
		{11D4BC81-0018-411F-9748-5B3875009C92}.Debug|Any CPU.ActiveCfg = Debug|Any CPU
		{11D4BC81-0018-411F-9748-5B3875009C92}.Debug|Any CPU.Build.0 = Debug|Any CPU
		{11D4BC81-0018-411F-9748-5B3875009C92}.Release|Any CPU.ActiveCfg = Release|Any CPU
		{11D4BC81-0018-411F-9748-5B3875009C92}.Release|Any CPU.Build.0 = Release|Any CPU
	EndGlobalSection
	GlobalSection(SolutionProperties) = preSolution
		HideSolutionNode = FALSE
	EndGlobalSection
	GlobalSection(ExtensibilityGlobals) = postSolution
		SolutionGuid = {A52558DC-CF80-4C20-928F-EA4E3231CC08}
	EndGlobalSection
EndGlobal
